PODS:
  - PagingCollectionViewLayout (0.0.4)

DEPENDENCIES:
  - PagingCollectionViewLayout

SPEC REPOS:
  trunk:
    - PagingCollectionViewLayout

SPEC CHECKSUMS:
  PagingCollectionViewLayout: a75339d9fe45affc116b6770f37c884a8a5e9cd9

PODFILE CHECKSUM: 64465edcbe8f665a966592cdb7afd46708715ecb

COCOAPODS: 1.11.3
